
Microsoft Visual Studio Solution File, Format Version 12.00
# Visual Studio Version 16
VisualStudioVersion = 16.0.31613.86
MinimumVisualStudioVersion = 10.0.40219.1
Project("{FAE04EC0-301F-11D3-BF4B-00C04F79EFBC}") = "NegozioElettronica", "NegozioElettronica\NegozioElettronica.csproj", "{7D854ECA-AC18-4FE7-8434-5758FA66E69E}"
EndProject
Global
	GlobalSection(SolutionConfigurationPlatforms) = preSolution
		Debug|Any CPU = Debug|Any CPU
		Release|Any CPU = Release|Any CPU
	EndGlobalSection
	GlobalSection(ProjectConfigurationPlatforms) = postSolution
		{7D854ECA-AC18-4FE7-8434-5758FA66E69E}.Debug|Any CPU.ActiveCfg = Debug|Any CPU
		{7D854ECA-AC18-4FE7-8434-5758FA66E69E}.Debug|Any CPU.Build.0 = Debug|Any CPU
		{7D854ECA-AC18-4FE7-8434-5758FA66E69E}.Release|Any CPU.ActiveCfg = Release|Any CPU
		{7D854ECA-AC18-4FE7-8434-5758FA66E69E}.Release|Any CPU.Build.0 = Release|Any CPU
	EndGlobalSection
	GlobalSection(SolutionProperties) = preSolution
		HideSolutionNode = FALSE
	EndGlobalSection
	GlobalSection(ExtensibilityGlobals) = postSolution
		SolutionGuid = {DC2C6297-FD44-432A-A501-A6B4CABA9D03}
	EndGlobalSection
EndGlobal
